
Microsoft Visual Studio Solution File, Format Version 12.00
# Visual Studio Version 17
VisualStudioVersion = 17.5.2.0
MinimumVisualStudioVersion = 10.0.40219.1
Project("{FAE04EC0-301F-11D3-BF4B-00C04F79EFBC}") = "claudeWebsite", "claudeWebsite.csproj", "{BC9E62B8-A7CB-14BD-DFCE-79B557220BB5}"
EndProject
Project("{FAE04EC0-301F-11D3-BF4B-00C04F79EFBC}") = "claudeWebsite.Shared", "claudeWebsite.Shared\claudeWebsite.Shared.csproj", "{1079DAF5-364B-4D38-B6D5-F8CD80E0BD3B}"
EndProject
Project("{FAE04EC0-301F-11D3-BF4B-00C04F79EFBC}") = "claudeWebsite.Api", "claudeWebsite.Api\claudeWebsite.Api.csproj", "{A605C9CA-B6AB-4D5A-A05E-EF62352A6A53}"
EndProject
Global
	GlobalSection(SolutionConfigurationPlatforms) = preSolution
		Debug|Any CPU = Debug|Any CPU
		Debug|x64 = Debug|x64
		Debug|x86 = Debug|x86
		Release|Any CPU = Release|Any CPU
		Release|x64 = Release|x64
		Release|x86 = Release|x86
	EndGlobalSection
	GlobalSection(ProjectConfigurationPlatforms) = postSolution
		{BC9E62B8-A7CB-14BD-DFCE-79B557220BB5}.Debug|Any CPU.ActiveCfg = Debug|Any CPU
		{BC9E62B8-A7CB-14BD-DFCE-79B557220BB5}.Debug|Any CPU.Build.0 = Debug|Any CPU
		{BC9E62B8-A7CB-14BD-DFCE-79B557220BB5}.Debug|x64.ActiveCfg = Debug|Any CPU
		{BC9E62B8-A7CB-14BD-DFCE-79B557220BB5}.Debug|x64.Build.0 = Debug|Any CPU
		{BC9E62B8-A7CB-14BD-DFCE-79B557220BB5}.Debug|x86.ActiveCfg = Debug|Any CPU
		{BC9E62B8-A7CB-14BD-DFCE-79B557220BB5}.Debug|x86.Build.0 = Debug|Any CPU
		{BC9E62B8-A7CB-14BD-DFCE-79B557220BB5}.Release|Any CPU.ActiveCfg = Release|Any CPU
		{BC9E62B8-A7CB-14BD-DFCE-79B557220BB5}.Release|Any CPU.Build.0 = Release|Any CPU
		{BC9E62B8-A7CB-14BD-DFCE-79B557220BB5}.Release|x64.ActiveCfg = Release|Any CPU
		{BC9E62B8-A7CB-14BD-DFCE-79B557220BB5}.Release|x64.Build.0 = Release|Any CPU
		{BC9E62B8-A7CB-14BD-DFCE-79B557220BB5}.Release|x86.ActiveCfg = Release|Any CPU
		{BC9E62B8-A7CB-14BD-DFCE-79B557220BB5}.Release|x86.Build.0 = Release|Any CPU
		{1079DAF5-364B-4D38-B6D5-F8CD80E0BD3B}.Debug|Any CPU.ActiveCfg = Debug|Any CPU
		{1079DAF5-364B-4D38-B6D5-F8CD80E0BD3B}.Debug|Any CPU.Build.0 = Debug|Any CPU
		{1079DAF5-364B-4D38-B6D5-F8CD80E0BD3B}.Debug|x64.ActiveCfg = Debug|Any CPU
		{1079DAF5-364B-4D38-B6D5-F8CD80E0BD3B}.Debug|x64.Build.0 = Debug|Any CPU
		{1079DAF5-364B-4D38-B6D5-F8CD80E0BD3B}.Debug|x86.ActiveCfg = Debug|Any CPU
		{1079DAF5-364B-4D38-B6D5-F8CD80E0BD3B}.Debug|x86.Build.0 = Debug|Any CPU
		{1079DAF5-364B-4D38-B6D5-F8CD80E0BD3B}.Release|Any CPU.ActiveCfg = Release|Any CPU
		{1079DAF5-364B-4D38-B6D5-F8CD80E0BD3B}.Release|Any CPU.Build.0 = Release|Any CPU
		{1079DAF5-364B-4D38-B6D5-F8CD80E0BD3B}.Release|x64.ActiveCfg = Release|Any CPU
		{1079DAF5-364B-4D38-B6D5-F8CD80E0BD3B}.Release|x64.Build.0 = Release|Any CPU
		{1079DAF5-364B-4D38-B6D5-F8CD80E0BD3B}.Release|x86.ActiveCfg = Release|Any CPU
		{1079DAF5-364B-4D38-B6D5-F8CD80E0BD3B}.Release|x86.Build.0 = Release|Any CPU
		{A605C9CA-B6AB-4D5A-A05E-EF62352A6A53}.Debug|Any CPU.ActiveCfg = Debug|Any CPU
		{A605C9CA-B6AB-4D5A-A05E-EF62352A6A53}.Debug|Any CPU.Build.0 = Debug|Any CPU
		{A605C9CA-B6AB-4D5A-A05E-EF62352A6A53}.Debug|x64.ActiveCfg = Debug|Any CPU
		{A605C9CA-B6AB-4D5A-A05E-EF62352A6A53}.Debug|x64.Build.0 = Debug|Any CPU
		{A605C9CA-B6AB-4D5A-A05E-EF62352A6A53}.Debug|x86.ActiveCfg = Debug|Any CPU
		{A605C9CA-B6AB-4D5A-A05E-EF62352A6A53}.Debug|x86.Build.0 = Debug|Any CPU
		{A605C9CA-B6AB-4D5A-A05E-EF62352A6A53}.Release|Any CPU.ActiveCfg = Release|Any CPU
		{A605C9CA-B6AB-4D5A-A05E-EF62352A6A53}.Release|Any CPU.Build.0 = Release|Any CPU
		{A605C9CA-B6AB-4D5A-A05E-EF62352A6A53}.Release|x64.ActiveCfg = Release|Any CPU
		{A605C9CA-B6AB-4D5A-A05E-EF62352A6A53}.Release|x64.Build.0 = Release|Any CPU
		{A605C9CA-B6AB-4D5A-A05E-EF62352A6A53}.Release|x86.ActiveCfg = Release|Any CPU
		{A605C9CA-B6AB-4D5A-A05E-EF62352A6A53}.Release|x86.Build.0 = Release|Any CPU
	EndGlobalSection
	GlobalSection(SolutionProperties) = preSolution
		HideSolutionNode = FALSE
	EndGlobalSection
	GlobalSection(ExtensibilityGlobals) = postSolution
		SolutionGuid = {BF3B83B8-9CDA-4D52-B534-1E365890E930}
	EndGlobalSection
EndGlobal
